
Microsoft Visual Studio Solution File, Format Version 12.00
# Visual Studio Version 17
VisualStudioVersion = 17.8.34330.188
MinimumVisualStudioVersion = 10.0.40219.1
Project("{FAE04EC0-301F-11D3-BF4B-00C04F79EFBC}") = "Quest.Domain", "Quest.Domain.csproj", "{10A786D6-C3DA-4FA2-B0EC-5A0AD90FBEA6}"
EndProject
Project("{9A19103F-16F7-4668-BE54-9A1E7A4F7556}") = "Quest", "..\Quest\Quest.csproj", "{A492E5A7-5C59-414E-8EB5-4CB895F7F0F5}"
EndProject
Global
	GlobalSection(SolutionConfigurationPlatforms) = preSolution
		Debug|Any CPU = Debug|Any CPU
		Release|Any CPU = Release|Any CPU
	EndGlobalSection
	GlobalSection(ProjectConfigurationPlatforms) = postSolution
		{10A786D6-C3DA-4FA2-B0EC-5A0AD90FBEA6}.Debug|Any CPU.ActiveCfg = Debug|Any CPU
		{10A786D6-C3DA-4FA2-B0EC-5A0AD90FBEA6}.Debug|Any CPU.Build.0 = Debug|Any CPU
		{10A786D6-C3DA-4FA2-B0EC-5A0AD90FBEA6}.Release|Any CPU.ActiveCfg = Release|Any CPU
		{10A786D6-C3DA-4FA2-B0EC-5A0AD90FBEA6}.Release|Any CPU.Build.0 = Release|Any CPU
		{A492E5A7-5C59-414E-8EB5-4CB895F7F0F5}.Debug|Any CPU.ActiveCfg = Debug|Any CPU
		{A492E5A7-5C59-414E-8EB5-4CB895F7F0F5}.Debug|Any CPU.Build.0 = Debug|Any CPU
		{A492E5A7-5C59-414E-8EB5-4CB895F7F0F5}.Release|Any CPU.ActiveCfg = Release|Any CPU
		{A492E5A7-5C59-414E-8EB5-4CB895F7F0F5}.Release|Any CPU.Build.0 = Release|Any CPU
	EndGlobalSection
	GlobalSection(SolutionProperties) = preSolution
		HideSolutionNode = FALSE
	EndGlobalSection
	GlobalSection(ExtensibilityGlobals) = postSolution
		SolutionGuid = {2F70FEDE-F97B-4600-AB6F-E060B7E72FD9}
	EndGlobalSection
EndGlobal
